
Microsoft Visual Studio Solution File, Format Version 12.00
# Visual Studio 15
VisualStudioVersion = 15.0.28010.2016
MinimumVisualStudioVersion = 10.0.40219.1
Project("{8BC9CEB8-8B4A-11D0-8D11-00A0C91BC942}") = "BinarySearch", "BinarySearch.vcxproj", "{8EBB3A0F-53D0-4089-B7DA-1AD4AD3B57DE}"
EndProject
Global
	GlobalSection(SolutionConfigurationPlatforms) = preSolution
		CLang - Release|x64 = CLang - Release|x64
		CLang - Release|x86 = CLang - Release|x86
		Debug|x64 = Debug|x64
		Debug|x86 = Debug|x86
		Release|x64 = Release|x64
		Release|x86 = Release|x86
	EndGlobalSection
	GlobalSection(ProjectConfigurationPlatforms) = postSolution
		{8EBB3A0F-53D0-4089-B7DA-1AD4AD3B57DE}.CLang - Release|x64.ActiveCfg = CLang - Release|x64
		{8EBB3A0F-53D0-4089-B7DA-1AD4AD3B57DE}.CLang - Release|x64.Build.0 = CLang - Release|x64
		{8EBB3A0F-53D0-4089-B7DA-1AD4AD3B57DE}.CLang - Release|x86.ActiveCfg = CLang - Release|Win32
		{8EBB3A0F-53D0-4089-B7DA-1AD4AD3B57DE}.CLang - Release|x86.Build.0 = CLang - Release|Win32
		{8EBB3A0F-53D0-4089-B7DA-1AD4AD3B57DE}.Debug|x64.ActiveCfg = Debug|x64
		{8EBB3A0F-53D0-4089-B7DA-1AD4AD3B57DE}.Debug|x64.Build.0 = Debug|x64
		{8EBB3A0F-53D0-4089-B7DA-1AD4AD3B57DE}.Debug|x86.ActiveCfg = Debug|Win32
		{8EBB3A0F-53D0-4089-B7DA-1AD4AD3B57DE}.Debug|x86.Build.0 = Debug|Win32
		{8EBB3A0F-53D0-4089-B7DA-1AD4AD3B57DE}.Release|x64.ActiveCfg = Release|x64
		{8EBB3A0F-53D0-4089-B7DA-1AD4AD3B57DE}.Release|x64.Build.0 = Release|x64
		{8EBB3A0F-53D0-4089-B7DA-1AD4AD3B57DE}.Release|x86.ActiveCfg = Release|Win32
		{8EBB3A0F-53D0-4089-B7DA-1AD4AD3B57DE}.Release|x86.Build.0 = Release|Win32
	EndGlobalSection
	GlobalSection(SolutionProperties) = preSolution
		HideSolutionNode = FALSE
	EndGlobalSection
	GlobalSection(ExtensibilityGlobals) = postSolution
		SolutionGuid = {05786B87-110F-4E1B-8CDE-7A54D944C5C2}
	EndGlobalSection
EndGlobal
